
Microsoft Visual Studio Solution File, Format Version 12.00
# Visual Studio Version 17
VisualStudioVersion = 17.3.32929.385
MinimumVisualStudioVersion = 10.0.40219.1
Project("{FAE04EC0-301F-11D3-BF4B-00C04F79EFBC}") = "ДР_8_1", "ДР_8_1\ДР_8_1.csproj", "{C2BF760D-06C6-4AA4-B5E2-09F49BD6FE1B}"
EndProject
Project("{FAE04EC0-301F-11D3-BF4B-00C04F79EFBC}") = "ДР_8_2", "ДР_8_2\ДР_8_2.csproj", "{DAF180EC-594A-4304-8345-836ACCA57FF8}"
EndProject
Project("{FAE04EC0-301F-11D3-BF4B-00C04F79EFBC}") = "ДР_8_3", "ДР_8_3\ДР_8_3.csproj", "{9915E3D7-0873-42EB-BCA0-4BEC1BE57D43}"
EndProject
Global
	GlobalSection(SolutionConfigurationPlatforms) = preSolution
		Debug|Any CPU = Debug|Any CPU
		Release|Any CPU = Release|Any CPU
	EndGlobalSection
	GlobalSection(ProjectConfigurationPlatforms) = postSolution
		{C2BF760D-06C6-4AA4-B5E2-09F49BD6FE1B}.Debug|Any CPU.ActiveCfg = Debug|Any CPU
		{C2BF760D-06C6-4AA4-B5E2-09F49BD6FE1B}.Debug|Any CPU.Build.0 = Debug|Any CPU
		{C2BF760D-06C6-4AA4-B5E2-09F49BD6FE1B}.Release|Any CPU.ActiveCfg = Release|Any CPU
		{C2BF760D-06C6-4AA4-B5E2-09F49BD6FE1B}.Release|Any CPU.Build.0 = Release|Any CPU
		{DAF180EC-594A-4304-8345-836ACCA57FF8}.Debug|Any CPU.ActiveCfg = Debug|Any CPU
		{DAF180EC-594A-4304-8345-836ACCA57FF8}.Debug|Any CPU.Build.0 = Debug|Any CPU
		{DAF180EC-594A-4304-8345-836ACCA57FF8}.Release|Any CPU.ActiveCfg = Release|Any CPU
		{DAF180EC-594A-4304-8345-836ACCA57FF8}.Release|Any CPU.Build.0 = Release|Any CPU
		{9915E3D7-0873-42EB-BCA0-4BEC1BE57D43}.Debug|Any CPU.ActiveCfg = Debug|Any CPU
		{9915E3D7-0873-42EB-BCA0-4BEC1BE57D43}.Debug|Any CPU.Build.0 = Debug|Any CPU
		{9915E3D7-0873-42EB-BCA0-4BEC1BE57D43}.Release|Any CPU.ActiveCfg = Release|Any CPU
		{9915E3D7-0873-42EB-BCA0-4BEC1BE57D43}.Release|Any CPU.Build.0 = Release|Any CPU
	EndGlobalSection
	GlobalSection(SolutionProperties) = preSolution
		HideSolutionNode = FALSE
	EndGlobalSection
	GlobalSection(ExtensibilityGlobals) = postSolution
		SolutionGuid = {40C8237B-AC00-4150-A3AE-1E6CD2BF0981}
	EndGlobalSection
EndGlobal
